
Microsoft Visual Studio Solution File, Format Version 12.00
# Visual Studio Version 17
VisualStudioVersion = 17.2.32630.192
MinimumVisualStudioVersion = 10.0.40219.1
Project("{F2A71F9B-5D33-465A-A702-920D77279786}") = "Curry", "Curry\Curry.fsproj", "{9E8E6A34-425E-4A22-8E49-AFF855E38629}"
EndProject
Global
	GlobalSection(SolutionConfigurationPlatforms) = preSolution
		Debug|Any CPU = Debug|Any CPU
		Release|Any CPU = Release|Any CPU
	EndGlobalSection
	GlobalSection(ProjectConfigurationPlatforms) = postSolution
		{9E8E6A34-425E-4A22-8E49-AFF855E38629}.Debug|Any CPU.ActiveCfg = Debug|Any CPU
		{9E8E6A34-425E-4A22-8E49-AFF855E38629}.Debug|Any CPU.Build.0 = Debug|Any CPU
		{9E8E6A34-425E-4A22-8E49-AFF855E38629}.Release|Any CPU.ActiveCfg = Release|Any CPU
		{9E8E6A34-425E-4A22-8E49-AFF855E38629}.Release|Any CPU.Build.0 = Release|Any CPU
	EndGlobalSection
	GlobalSection(SolutionProperties) = preSolution
		HideSolutionNode = FALSE
	EndGlobalSection
	GlobalSection(ExtensibilityGlobals) = postSolution
		SolutionGuid = {215488C9-17A1-4AB0-B6BE-5143E9F73D66}
	EndGlobalSection
EndGlobal
